
Microsoft Visual Studio Solution File, Format Version 12.00
# Visual Studio Version 17
VisualStudioVersion = 17.7.34024.191
MinimumVisualStudioVersion = 10.0.40219.1
Project("{FAE04EC0-301F-11D3-BF4B-00C04F79EFBC}") = "VueTodolistAPI", "VueTodolistAPI\VueTodolistAPI.csproj", "{497A2549-43E9-414B-9C93-93B685A1F58F}"
EndProject
Global
	GlobalSection(SolutionConfigurationPlatforms) = preSolution
		Debug|Any CPU = Debug|Any CPU
		Release|Any CPU = Release|Any CPU
	EndGlobalSection
	GlobalSection(ProjectConfigurationPlatforms) = postSolution
		{497A2549-43E9-414B-9C93-93B685A1F58F}.Debug|Any CPU.ActiveCfg = Debug|Any CPU
		{497A2549-43E9-414B-9C93-93B685A1F58F}.Debug|Any CPU.Build.0 = Debug|Any CPU
		{497A2549-43E9-414B-9C93-93B685A1F58F}.Release|Any CPU.ActiveCfg = Release|Any CPU
		{497A2549-43E9-414B-9C93-93B685A1F58F}.Release|Any CPU.Build.0 = Release|Any CPU
	EndGlobalSection
	GlobalSection(SolutionProperties) = preSolution
		HideSolutionNode = FALSE
	EndGlobalSection
	GlobalSection(ExtensibilityGlobals) = postSolution
		SolutionGuid = {72153757-A58B-4DD8-9B0A-D450D0CA5D4F}
	EndGlobalSection
EndGlobal
